
Microsoft Visual Studio Solution File, Format Version 12.00
# Visual Studio Version 17
VisualStudioVersion = 17.5.33530.505
MinimumVisualStudioVersion = 10.0.40219.1
Project("{FAE04EC0-301F-11D3-BF4B-00C04F79EFBC}") = "Memorama", "Memorama\Memorama.csproj", "{A9ABE1A4-7720-4786-ABC3-5909AC57085C}"
EndProject
Global
	GlobalSection(SolutionConfigurationPlatforms) = preSolution
		Debug|Any CPU = Debug|Any CPU
		Release|Any CPU = Release|Any CPU
	EndGlobalSection
	GlobalSection(ProjectConfigurationPlatforms) = postSolution
		{A9ABE1A4-7720-4786-ABC3-5909AC57085C}.Debug|Any CPU.ActiveCfg = Debug|Any CPU
		{A9ABE1A4-7720-4786-ABC3-5909AC57085C}.Debug|Any CPU.Build.0 = Debug|Any CPU
		{A9ABE1A4-7720-4786-ABC3-5909AC57085C}.Release|Any CPU.ActiveCfg = Release|Any CPU
		{A9ABE1A4-7720-4786-ABC3-5909AC57085C}.Release|Any CPU.Build.0 = Release|Any CPU
	EndGlobalSection
	GlobalSection(SolutionProperties) = preSolution
		HideSolutionNode = FALSE
	EndGlobalSection
	GlobalSection(ExtensibilityGlobals) = postSolution
		SolutionGuid = {6759E061-8BC5-4370-BE87-DC9C8E255167}
	EndGlobalSection
EndGlobal
